
Microsoft Visual Studio Solution File, Format Version 12.00
# Visual Studio Version 16
VisualStudioVersion = 16.0.29905.134
MinimumVisualStudioVersion = 10.0.40219.1
Project("{9A19103F-16F7-4668-BE54-9A1E7A4F7556}") = "KorytoModel", "KorytoModel\KorytoModel.csproj", "{94AF6666-954D-41EE-9B4B-42F4A92077D4}"
EndProject
Project("{9A19103F-16F7-4668-BE54-9A1E7A4F7556}") = "KorytoService", "KorytoService\KorytoService.csproj", "{3F239529-4C9D-464F-BF34-F275F39B2C27}"
EndProject
Project("{FAE04EC0-301F-11D3-BF4B-00C04F79EFBC}") = "KorytoDatabase", "KorytoDatabase\KorytoDatabase.csproj", "{D59963BA-7BD1-48E2-A1B5-74A38A9FF9F1}"
EndProject
Global
	GlobalSection(SolutionConfigurationPlatforms) = preSolution
		Debug|Any CPU = Debug|Any CPU
		Release|Any CPU = Release|Any CPU
	EndGlobalSection
	GlobalSection(ProjectConfigurationPlatforms) = postSolution
		{94AF6666-954D-41EE-9B4B-42F4A92077D4}.Debug|Any CPU.ActiveCfg = Debug|Any CPU
		{94AF6666-954D-41EE-9B4B-42F4A92077D4}.Debug|Any CPU.Build.0 = Debug|Any CPU
		{94AF6666-954D-41EE-9B4B-42F4A92077D4}.Release|Any CPU.ActiveCfg = Release|Any CPU
		{94AF6666-954D-41EE-9B4B-42F4A92077D4}.Release|Any CPU.Build.0 = Release|Any CPU
		{3F239529-4C9D-464F-BF34-F275F39B2C27}.Debug|Any CPU.ActiveCfg = Debug|Any CPU
		{3F239529-4C9D-464F-BF34-F275F39B2C27}.Debug|Any CPU.Build.0 = Debug|Any CPU
		{3F239529-4C9D-464F-BF34-F275F39B2C27}.Release|Any CPU.ActiveCfg = Release|Any CPU
		{3F239529-4C9D-464F-BF34-F275F39B2C27}.Release|Any CPU.Build.0 = Release|Any CPU
		{D59963BA-7BD1-48E2-A1B5-74A38A9FF9F1}.Debug|Any CPU.ActiveCfg = Debug|Any CPU
		{D59963BA-7BD1-48E2-A1B5-74A38A9FF9F1}.Debug|Any CPU.Build.0 = Debug|Any CPU
		{D59963BA-7BD1-48E2-A1B5-74A38A9FF9F1}.Release|Any CPU.ActiveCfg = Release|Any CPU
		{D59963BA-7BD1-48E2-A1B5-74A38A9FF9F1}.Release|Any CPU.Build.0 = Release|Any CPU
	EndGlobalSection
	GlobalSection(SolutionProperties) = preSolution
		HideSolutionNode = FALSE
	EndGlobalSection
	GlobalSection(ExtensibilityGlobals) = postSolution
		SolutionGuid = {01B3A41A-F246-49A0-B282-FF1FB5C2B76B}
	EndGlobalSection
EndGlobal
